
Microsoft Visual Studio Solution File, Format Version 12.00
# Visual Studio Version 16
VisualStudioVersion = 16.0.32228.343
MinimumVisualStudioVersion = 10.0.40219.1
Project("{2150E333-8FDC-42A3-9474-1A3956D46DE8}") = "Task0", "Task0", "{33123B0E-22F7-4343-9626-DFAB1CB45E44}"
EndProject
Project("{FAE04EC0-301F-11D3-BF4B-00C04F79EFBC}") = "Tyuiu.KolchakovDR.Sprint2.Task0.V1", "Tyuiu.KolchakovDR.Sprint2.Task0.V1\Tyuiu.KolchakovDR.Sprint2.Task0.V1.csproj", "{DEBF4CD3-6E93-4CF2-97A1-54BE2FFE612B}"
EndProject
Project("{FAE04EC0-301F-11D3-BF4B-00C04F79EFBC}") = "Tyuiu.KolchakovDR.Sprint2.Task0.V1.Lib", "Tyuiu.KolchakovDR.Sprint2.Task0.V1.Lib\Tyuiu.KolchakovDR.Sprint2.Task0.V1.Lib.csproj", "{91060B97-756A-4ECA-9177-FDA57179B194}"
EndProject
Project("{FAE04EC0-301F-11D3-BF4B-00C04F79EFBC}") = "Tyuiu.KolchakovDR.Sprint2.Task0.V1.Test", "Tyuiu.KolchakovDR.Sprint2.Task0.V1.Test\Tyuiu.KolchakovDR.Sprint2.Task0.V1.Test.csproj", "{5E298DC4-E9BA-43AC-9A40-A90BB7B0FFF3}"
EndProject
Project("{FAE04EC0-301F-11D3-BF4B-00C04F79EFBC}") = "TaskHeaderGenerator", "TaskHeaderGenerator\TaskHeaderGenerator.csproj", "{D0720643-09F4-4400-8BF8-7192FBF2D524}"
EndProject
Project("{2150E333-8FDC-42A3-9474-1A3956D46DE8}") = "Task1", "Task1", "{0E285CEC-78B1-42CE-AB16-FF69B7504D29}"
EndProject
Project("{FAE04EC0-301F-11D3-BF4B-00C04F79EFBC}") = "Tyuiu.KolchakovDR.Sprint2.Task1.V17", "Tyuiu.KolchakovDR.Sprint2.Task1.V17\Tyuiu.KolchakovDR.Sprint2.Task1.V17.csproj", "{59CF846F-B749-4CEF-A347-F9F7D5DFAAFC}"
EndProject
Project("{FAE04EC0-301F-11D3-BF4B-00C04F79EFBC}") = "Tyuiu.KolchakovDR.Sprint2.Task1.V17.Lib", "Tyuiu.KolchakovDR.Sprint2.Task1.V17.Lib\Tyuiu.KolchakovDR.Sprint2.Task1.V17.Lib.csproj", "{60556469-4457-4CDA-BC2B-109037D2F6A0}"
EndProject
Project("{FAE04EC0-301F-11D3-BF4B-00C04F79EFBC}") = "Tyuiu.KolchakovDR.Sprint2.Task1.V17.Test", "Tyuiu.KolchakovDR.Sprint2.Task1.V17.Test\Tyuiu.KolchakovDR.Sprint2.Task1.V17.Test.csproj", "{416E4BB3-3D59-41CA-8BA5-50B41BCA06AA}"
EndProject
Project("{2150E333-8FDC-42A3-9474-1A3956D46DE8}") = "Task2", "Task2", "{CD14BF03-943E-410C-BD40-E2E29F0BC046}"
EndProject
Project("{FAE04EC0-301F-11D3-BF4B-00C04F79EFBC}") = "Tyuiu.KolchakovDR.Sprint2.Task2.V29", "Tyuiu.KolchakovDR.Sprint2.Task2.V29\Tyuiu.KolchakovDR.Sprint2.Task2.V29.csproj", "{B41660BA-BF24-4BC7-AE23-03EB588E649E}"
EndProject
Project("{FAE04EC0-301F-11D3-BF4B-00C04F79EFBC}") = "Tyuiu.KolchakovDR.Sprint2.Task2.V29.Lib", "Tyuiu.KolchakovDR.Sprint2.Task2.V29.Lib\Tyuiu.KolchakovDR.Sprint2.Task2.V29.Lib.csproj", "{EC19D19A-DE9C-4F05-86FD-2E7E84D41FE7}"
EndProject
Project("{FAE04EC0-301F-11D3-BF4B-00C04F79EFBC}") = "Tyuiu.KolchakovDR.Sprint2.Task2.V29.Test", "Tyuiu.KolchakovDR.Sprint2.Task2.V29.Test\Tyuiu.KolchakovDR.Sprint2.Task2.V29.Test.csproj", "{69644AE2-79D8-4A5C-9B01-98660EC62A44}"
EndProject
Project("{2150E333-8FDC-42A3-9474-1A3956D46DE8}") = "Task3", "Task3", "{6C67D746-9263-4630-8EEC-1045D1CA0902}"
EndProject
Project("{FAE04EC0-301F-11D3-BF4B-00C04F79EFBC}") = "Tyuiu.KolchakovDR.Sprint2.Task3.V24", "Tyuiu.KolchakovDR.Sprint2.Task3.V24\Tyuiu.KolchakovDR.Sprint2.Task3.V24.csproj", "{99216D83-495B-409B-ADB4-B929DE8D7F40}"
EndProject
Project("{FAE04EC0-301F-11D3-BF4B-00C04F79EFBC}") = "Tyuiu.KolchakovDR.Sprint2.Task3.V24.Lib", "Tyuiu.KolchakovDR.Sprint2.Task3.V24.Lib\Tyuiu.KolchakovDR.Sprint2.Task3.V24.Lib.csproj", "{B58250C0-59EC-4864-B6F7-86447A733DC3}"
EndProject
Project("{FAE04EC0-301F-11D3-BF4B-00C04F79EFBC}") = "Tyuiu.KolchakovDR.Sprint2.Task3.V24.Test", "Tyuiu.KolchakovDR.Sprint2.Task3.V24.Test\Tyuiu.KolchakovDR.Sprint2.Task3.V24.Test.csproj", "{8516E1F8-B669-46A0-A6EB-99451C7E8FC6}"
EndProject
Project("{2150E333-8FDC-42A3-9474-1A3956D46DE8}") = "Task4", "Task4", "{D5F08119-3BD8-412C-858F-27832FAC00D0}"
EndProject
Project("{FAE04EC0-301F-11D3-BF4B-00C04F79EFBC}") = "Tyuiu.KolchakovDR.Sprint2.Task4.V13", "Tyuiu.KolchakovDR.Sprint2.Task4.V13\Tyuiu.KolchakovDR.Sprint2.Task4.V13.csproj", "{509E1978-670B-4AC6-960C-146362D784FF}"
EndProject
Project("{FAE04EC0-301F-11D3-BF4B-00C04F79EFBC}") = "Tyuiu.KolchakovDR.Sprint2.Task4.V13.Lib", "Tyuiu.KolchakovDR.Sprint2.Task4.V13.Lib\Tyuiu.KolchakovDR.Sprint2.Task4.V13.Lib.csproj", "{219DCF0C-81C8-4F60-B8C8-DEF6FE9C18C1}"
EndProject
Project("{FAE04EC0-301F-11D3-BF4B-00C04F79EFBC}") = "Tyuiu.KolchakovDR.Sprint2.Task4.V13.Test", "Tyuiu.KolchakovDR.Sprint2.Task4.V13.Test\Tyuiu.KolchakovDR.Sprint2.Task4.V13.Test.csproj", "{DF44200F-FA75-45BE-9215-2F89FA04F4DB}"
EndProject
Global
	GlobalSection(SolutionConfigurationPlatforms) = preSolution
		Debug|Any CPU = Debug|Any CPU
		Release|Any CPU = Release|Any CPU
	EndGlobalSection
	GlobalSection(ProjectConfigurationPlatforms) = postSolution
		{DEBF4CD3-6E93-4CF2-97A1-54BE2FFE612B}.Debug|Any CPU.ActiveCfg = Debug|Any CPU
		{DEBF4CD3-6E93-4CF2-97A1-54BE2FFE612B}.Debug|Any CPU.Build.0 = Debug|Any CPU
		{DEBF4CD3-6E93-4CF2-97A1-54BE2FFE612B}.Release|Any CPU.ActiveCfg = Release|Any CPU
		{DEBF4CD3-6E93-4CF2-97A1-54BE2FFE612B}.Release|Any CPU.Build.0 = Release|Any CPU
		{91060B97-756A-4ECA-9177-FDA57179B194}.Debug|Any CPU.ActiveCfg = Debug|Any CPU
		{91060B97-756A-4ECA-9177-FDA57179B194}.Debug|Any CPU.Build.0 = Debug|Any CPU
		{91060B97-756A-4ECA-9177-FDA57179B194}.Release|Any CPU.ActiveCfg = Release|Any CPU
		{91060B97-756A-4ECA-9177-FDA57179B194}.Release|Any CPU.Build.0 = Release|Any CPU
		{5E298DC4-E9BA-43AC-9A40-A90BB7B0FFF3}.Debug|Any CPU.ActiveCfg = Debug|Any CPU
		{5E298DC4-E9BA-43AC-9A40-A90BB7B0FFF3}.Debug|Any CPU.Build.0 = Debug|Any CPU
		{5E298DC4-E9BA-43AC-9A40-A90BB7B0FFF3}.Release|Any CPU.ActiveCfg = Release|Any CPU
		{5E298DC4-E9BA-43AC-9A40-A90BB7B0FFF3}.Release|Any CPU.Build.0 = Release|Any CPU
		{D0720643-09F4-4400-8BF8-7192FBF2D524}.Debug|Any CPU.ActiveCfg = Debug|Any CPU
		{D0720643-09F4-4400-8BF8-7192FBF2D524}.Debug|Any CPU.Build.0 = Debug|Any CPU
		{D0720643-09F4-4400-8BF8-7192FBF2D524}.Release|Any CPU.ActiveCfg = Release|Any CPU
		{D0720643-09F4-4400-8BF8-7192FBF2D524}.Release|Any CPU.Build.0 = Release|Any CPU
		{59CF846F-B749-4CEF-A347-F9F7D5DFAAFC}.Debug|Any CPU.ActiveCfg = Debug|Any CPU
		{59CF846F-B749-4CEF-A347-F9F7D5DFAAFC}.Debug|Any CPU.Build.0 = Debug|Any CPU
		{59CF846F-B749-4CEF-A347-F9F7D5DFAAFC}.Release|Any CPU.ActiveCfg = Release|Any CPU
		{59CF846F-B749-4CEF-A347-F9F7D5DFAAFC}.Release|Any CPU.Build.0 = Release|Any CPU
		{60556469-4457-4CDA-BC2B-109037D2F6A0}.Debug|Any CPU.ActiveCfg = Debug|Any CPU
		{60556469-4457-4CDA-BC2B-109037D2F6A0}.Debug|Any CPU.Build.0 = Debug|Any CPU
		{60556469-4457-4CDA-BC2B-109037D2F6A0}.Release|Any CPU.ActiveCfg = Release|Any CPU
		{60556469-4457-4CDA-BC2B-109037D2F6A0}.Release|Any CPU.Build.0 = Release|Any CPU
		{416E4BB3-3D59-41CA-8BA5-50B41BCA06AA}.Debug|Any CPU.ActiveCfg = Debug|Any CPU
		{416E4BB3-3D59-41CA-8BA5-50B41BCA06AA}.Debug|Any CPU.Build.0 = Debug|Any CPU
		{416E4BB3-3D59-41CA-8BA5-50B41BCA06AA}.Release|Any CPU.ActiveCfg = Release|Any CPU
		{416E4BB3-3D59-41CA-8BA5-50B41BCA06AA}.Release|Any CPU.Build.0 = Release|Any CPU
		{B41660BA-BF24-4BC7-AE23-03EB588E649E}.Debug|Any CPU.ActiveCfg = Debug|Any CPU
		{B41660BA-BF24-4BC7-AE23-03EB588E649E}.Debug|Any CPU.Build.0 = Debug|Any CPU
		{B41660BA-BF24-4BC7-AE23-03EB588E649E}.Release|Any CPU.ActiveCfg = Release|Any CPU
		{B41660BA-BF24-4BC7-AE23-03EB588E649E}.Release|Any CPU.Build.0 = Release|Any CPU
		{EC19D19A-DE9C-4F05-86FD-2E7E84D41FE7}.Debug|Any CPU.ActiveCfg = Debug|Any CPU
		{EC19D19A-DE9C-4F05-86FD-2E7E84D41FE7}.Debug|Any CPU.Build.0 = Debug|Any CPU
		{EC19D19A-DE9C-4F05-86FD-2E7E84D41FE7}.Release|Any CPU.ActiveCfg = Release|Any CPU
		{EC19D19A-DE9C-4F05-86FD-2E7E84D41FE7}.Release|Any CPU.Build.0 = Release|Any CPU
		{69644AE2-79D8-4A5C-9B01-98660EC62A44}.Debug|Any CPU.ActiveCfg = Debug|Any CPU
		{69644AE2-79D8-4A5C-9B01-98660EC62A44}.Debug|Any CPU.Build.0 = Debug|Any CPU
		{69644AE2-79D8-4A5C-9B01-98660EC62A44}.Release|Any CPU.ActiveCfg = Release|Any CPU
		{69644AE2-79D8-4A5C-9B01-98660EC62A44}.Release|Any CPU.Build.0 = Release|Any CPU
		{99216D83-495B-409B-ADB4-B929DE8D7F40}.Debug|Any CPU.ActiveCfg = Debug|Any CPU
		{99216D83-495B-409B-ADB4-B929DE8D7F40}.Debug|Any CPU.Build.0 = Debug|Any CPU
		{99216D83-495B-409B-ADB4-B929DE8D7F40}.Release|Any CPU.ActiveCfg = Release|Any CPU
		{99216D83-495B-409B-ADB4-B929DE8D7F40}.Release|Any CPU.Build.0 = Release|Any CPU
		{B58250C0-59EC-4864-B6F7-86447A733DC3}.Debug|Any CPU.ActiveCfg = Debug|Any CPU
		{B58250C0-59EC-4864-B6F7-86447A733DC3}.Debug|Any CPU.Build.0 = Debug|Any CPU
		{B58250C0-59EC-4864-B6F7-86447A733DC3}.Release|Any CPU.ActiveCfg = Release|Any CPU
		{B58250C0-59EC-4864-B6F7-86447A733DC3}.Release|Any CPU.Build.0 = Release|Any CPU
		{8516E1F8-B669-46A0-A6EB-99451C7E8FC6}.Debug|Any CPU.ActiveCfg = Debug|Any CPU
		{8516E1F8-B669-46A0-A6EB-99451C7E8FC6}.Debug|Any CPU.Build.0 = Debug|Any CPU
		{8516E1F8-B669-46A0-A6EB-99451C7E8FC6}.Release|Any CPU.ActiveCfg = Release|Any CPU
		{8516E1F8-B669-46A0-A6EB-99451C7E8FC6}.Release|Any CPU.Build.0 = Release|Any CPU
		{509E1978-670B-4AC6-960C-146362D784FF}.Debug|Any CPU.ActiveCfg = Debug|Any CPU
		{509E1978-670B-4AC6-960C-146362D784FF}.Debug|Any CPU.Build.0 = Debug|Any CPU
		{509E1978-670B-4AC6-960C-146362D784FF}.Release|Any CPU.ActiveCfg = Release|Any CPU
		{509E1978-670B-4AC6-960C-146362D784FF}.Release|Any CPU.Build.0 = Release|Any CPU
		{219DCF0C-81C8-4F60-B8C8-DEF6FE9C18C1}.Debug|Any CPU.ActiveCfg = Debug|Any CPU
		{219DCF0C-81C8-4F60-B8C8-DEF6FE9C18C1}.Debug|Any CPU.Build.0 = Debug|Any CPU
		{219DCF0C-81C8-4F60-B8C8-DEF6FE9C18C1}.Release|Any CPU.ActiveCfg = Release|Any CPU
		{219DCF0C-81C8-4F60-B8C8-DEF6FE9C18C1}.Release|Any CPU.Build.0 = Release|Any CPU
		{DF44200F-FA75-45BE-9215-2F89FA04F4DB}.Debug|Any CPU.ActiveCfg = Debug|Any CPU
		{DF44200F-FA75-45BE-9215-2F89FA04F4DB}.Debug|Any CPU.Build.0 = Debug|Any CPU
		{DF44200F-FA75-45BE-9215-2F89FA04F4DB}.Release|Any CPU.ActiveCfg = Release|Any CPU
		{DF44200F-FA75-45BE-9215-2F89FA04F4DB}.Release|Any CPU.Build.0 = Release|Any CPU
	EndGlobalSection
	GlobalSection(SolutionProperties) = preSolution
		HideSolutionNode = FALSE
	EndGlobalSection
	GlobalSection(NestedProjects) = preSolution
		{DEBF4CD3-6E93-4CF2-97A1-54BE2FFE612B} = {33123B0E-22F7-4343-9626-DFAB1CB45E44}
		{91060B97-756A-4ECA-9177-FDA57179B194} = {33123B0E-22F7-4343-9626-DFAB1CB45E44}
		{5E298DC4-E9BA-43AC-9A40-A90BB7B0FFF3} = {33123B0E-22F7-4343-9626-DFAB1CB45E44}
		{59CF846F-B749-4CEF-A347-F9F7D5DFAAFC} = {0E285CEC-78B1-42CE-AB16-FF69B7504D29}
		{60556469-4457-4CDA-BC2B-109037D2F6A0} = {0E285CEC-78B1-42CE-AB16-FF69B7504D29}
		{416E4BB3-3D59-41CA-8BA5-50B41BCA06AA} = {0E285CEC-78B1-42CE-AB16-FF69B7504D29}
		{B41660BA-BF24-4BC7-AE23-03EB588E649E} = {CD14BF03-943E-410C-BD40-E2E29F0BC046}
		{EC19D19A-DE9C-4F05-86FD-2E7E84D41FE7} = {CD14BF03-943E-410C-BD40-E2E29F0BC046}
		{69644AE2-79D8-4A5C-9B01-98660EC62A44} = {CD14BF03-943E-410C-BD40-E2E29F0BC046}
		{99216D83-495B-409B-ADB4-B929DE8D7F40} = {6C67D746-9263-4630-8EEC-1045D1CA0902}
		{B58250C0-59EC-4864-B6F7-86447A733DC3} = {6C67D746-9263-4630-8EEC-1045D1CA0902}
		{8516E1F8-B669-46A0-A6EB-99451C7E8FC6} = {6C67D746-9263-4630-8EEC-1045D1CA0902}
		{509E1978-670B-4AC6-960C-146362D784FF} = {D5F08119-3BD8-412C-858F-27832FAC00D0}
		{219DCF0C-81C8-4F60-B8C8-DEF6FE9C18C1} = {D5F08119-3BD8-412C-858F-27832FAC00D0}
		{DF44200F-FA75-45BE-9215-2F89FA04F4DB} = {D5F08119-3BD8-412C-858F-27832FAC00D0}
	EndGlobalSection
	GlobalSection(ExtensibilityGlobals) = postSolution
		SolutionGuid = {9F180D67-67A5-43B6-AE29-B5BF09FE5991}
	EndGlobalSection
EndGlobal
